
Microsoft Visual Studio Solution File, Format Version 12.00
# Visual Studio Version 17
VisualStudioVersion = 17.2.32630.192
MinimumVisualStudioVersion = 10.0.40219.1
Project("{FAE04EC0-301F-11D3-BF4B-00C04F79EFBC}") = "LeetcodeProblem", "LeetcodeProblem\LeetcodeProblem.csproj", "{F08B4AFA-A099-4D27-9B1B-7AF7060BD8C3}"
EndProject
Global
	GlobalSection(SolutionConfigurationPlatforms) = preSolution
		Debug|Any CPU = Debug|Any CPU
		Release|Any CPU = Release|Any CPU
	EndGlobalSection
	GlobalSection(ProjectConfigurationPlatforms) = postSolution
		{F08B4AFA-A099-4D27-9B1B-7AF7060BD8C3}.Debug|Any CPU.ActiveCfg = Debug|Any CPU
		{F08B4AFA-A099-4D27-9B1B-7AF7060BD8C3}.Debug|Any CPU.Build.0 = Debug|Any CPU
		{F08B4AFA-A099-4D27-9B1B-7AF7060BD8C3}.Release|Any CPU.ActiveCfg = Release|Any CPU
		{F08B4AFA-A099-4D27-9B1B-7AF7060BD8C3}.Release|Any CPU.Build.0 = Release|Any CPU
	EndGlobalSection
	GlobalSection(SolutionProperties) = preSolution
		HideSolutionNode = FALSE
	EndGlobalSection
	GlobalSection(ExtensibilityGlobals) = postSolution
		SolutionGuid = {F1E46F7B-7AF3-47CF-8FFD-14877CF80CFE}
	EndGlobalSection
EndGlobal
