
Microsoft Visual Studio Solution File, Format Version 12.00
# Visual Studio Version 17
VisualStudioVersion = 17.2.32630.192
MinimumVisualStudioVersion = 10.0.40219.1
Project("{FAE04EC0-301F-11D3-BF4B-00C04F79EFBC}") = "TwoSumLeetcode", "TwoSumLeetcode\TwoSumLeetcode.csproj", "{52D632F8-ABDF-49F9-B8F8-2E220E799E3B}"
EndProject
Global
	GlobalSection(SolutionConfigurationPlatforms) = preSolution
		Debug|Any CPU = Debug|Any CPU
		Release|Any CPU = Release|Any CPU
	EndGlobalSection
	GlobalSection(ProjectConfigurationPlatforms) = postSolution
		{52D632F8-ABDF-49F9-B8F8-2E220E799E3B}.Debug|Any CPU.ActiveCfg = Debug|Any CPU
		{52D632F8-ABDF-49F9-B8F8-2E220E799E3B}.Debug|Any CPU.Build.0 = Debug|Any CPU
		{52D632F8-ABDF-49F9-B8F8-2E220E799E3B}.Release|Any CPU.ActiveCfg = Release|Any CPU
		{52D632F8-ABDF-49F9-B8F8-2E220E799E3B}.Release|Any CPU.Build.0 = Release|Any CPU
	EndGlobalSection
	GlobalSection(SolutionProperties) = preSolution
		HideSolutionNode = FALSE
	EndGlobalSection
	GlobalSection(ExtensibilityGlobals) = postSolution
		SolutionGuid = {49BD4722-51EB-4E68-8645-A37BC19F60CA}
	EndGlobalSection
EndGlobal
